
Microsoft Visual Studio Solution File, Format Version 12.00
# Visual Studio Version 16
VisualStudioVersion = 16.0.30225.117
MinimumVisualStudioVersion = 10.0.40219.1
Project("{9A19103F-16F7-4668-BE54-9A1E7A4F7556}") = "TalmateSourceCode", "TalmateSourceCode\TalmateSourceCode.csproj", "{DA153A78-56D7-4D39-AB1B-961A4F14A978}"
EndProject
Project("{FAE04EC0-301F-11D3-BF4B-00C04F79EFBC}") = "TalmateSourceCodeTest", "TalmateSourceCodeTest\TalmateSourceCodeTest.csproj", "{6F8858D1-0F05-4E9D-8F1F-6BF0092A9CD6}"
EndProject
Global
	GlobalSection(SolutionConfigurationPlatforms) = preSolution
		Debug|Any CPU = Debug|Any CPU
		Release|Any CPU = Release|Any CPU
	EndGlobalSection
	GlobalSection(ProjectConfigurationPlatforms) = postSolution
		{DA153A78-56D7-4D39-AB1B-961A4F14A978}.Debug|Any CPU.ActiveCfg = Debug|Any CPU
		{DA153A78-56D7-4D39-AB1B-961A4F14A978}.Debug|Any CPU.Build.0 = Debug|Any CPU
		{DA153A78-56D7-4D39-AB1B-961A4F14A978}.Release|Any CPU.ActiveCfg = Release|Any CPU
		{DA153A78-56D7-4D39-AB1B-961A4F14A978}.Release|Any CPU.Build.0 = Release|Any CPU
		{6F8858D1-0F05-4E9D-8F1F-6BF0092A9CD6}.Debug|Any CPU.ActiveCfg = Debug|Any CPU
		{6F8858D1-0F05-4E9D-8F1F-6BF0092A9CD6}.Debug|Any CPU.Build.0 = Debug|Any CPU
		{6F8858D1-0F05-4E9D-8F1F-6BF0092A9CD6}.Release|Any CPU.ActiveCfg = Release|Any CPU
		{6F8858D1-0F05-4E9D-8F1F-6BF0092A9CD6}.Release|Any CPU.Build.0 = Release|Any CPU
	EndGlobalSection
	GlobalSection(SolutionProperties) = preSolution
		HideSolutionNode = FALSE
	EndGlobalSection
	GlobalSection(ExtensibilityGlobals) = postSolution
		SolutionGuid = {3CD115E1-4433-4108-9EC4-DC618F873A14}
	EndGlobalSection
EndGlobal
